{
  "name": "week4",
  "lockfileVersion": 3,
  "requires": true,
  "packages": {
    "": {
      "dependencies": {
        "dotenv": "^16.4.5",
        "solclientjs": "^10.16.0"
      }
    },
    "node_modules/dotenv": {
      "version": "16.4.5",
      "resolved": "https://registry.npmjs.org/dotenv/-/dotenv-16.4.5.tgz",
      "integrity": "sha512-ZmdL2rui+eB2YwhsWzjInR8LldtZHGDoQ1ugH85ppHKwpUHL7j7rN0Ti9NCnGiQbhaZ11FpR+7ao1dNsmduNUg==",
      "engines": {
        "node": ">=12"
      },
      "funding": {
        "url": "https://dotenvx.com"
      }
    },
    "node_modules/solclientjs": {
      "version": "10.16.0",
      "resolved": "https://registry.npmjs.org/solclientjs/-/solclientjs-10.16.0.tgz",
      "integrity": "sha512-Bd9qIgx4nwoa3jH/MAHDNGSpV8STebaRrY5+UNZhlS9+TwioHnl5mIkUOwppftPXrb34cOiuiYk7+Zy293yIzA==",
      "engines": {
        "node": ">=10.0.0"
      }
    }
  }
}
